lockfileVersion: '9.0'

settings:
  autoInstallPeers: true
  excludeLinksFromLockfile: false

importers:

  .:
    devDependencies:
      turbo:
        specifier: ^2
        version: 2.8.12

  packages/config: {}

  packages/ui:
    dependencies:
      react:
        specifier: ^19
        version: 19.2.4
      react-dom:
        specifier: ^19
        version: 19.2.4(react@19.2.4)
    devDependencies:
      '@mono/config':
        specifier: workspace:*
        version: link:../config
      '@types/react':
        specifier: ^19
        version: 19.2.14
      '@types/react-dom':
        specifier: ^19
        version: 19.2.3(@types/react@19.2.14)
      typescript:
        specifier: ^5
        version: 5.9.3

  packages/utils:
    devDependencies:
      '@mono/config':
        specifier: workspace:*
        version: link:../config
      typescript:
        specifier: ^5
        version: 5.9.3

packages:

  '@types/react-dom@19.2.3':
    resolution: {integrity: sha512-jp2L/eY6fn+KgVVQAOqYItbF0VY/YApe5Mz2F0aykSO8gx31bYCZyvSeYxCHKvzHG5eZjc+zyaS5BrBWya2+kQ==}
    peerDependencies:
      '@types/react': ^19.2.0

  '@types/react@19.2.14':
    resolution: {integrity: sha512-ilcTH/UniCkMdtexkoCN0bI7pMcJDvmQFPvuPvmEaYA/NSfFTAgdUSLAoVjaRJm7+6PvcM+q1zYOwS4wTYMF9w==}

  csstype@3.2.3:
    resolution: {integrity: sha512-z1HGKcYy2xA8AGQfwrn0PAy+PB7X/GSj3UVJW9qKyn43xWa+gl5nXmU4qqLMRzWVLFC8KusUX8T/0kCiOYpAIQ==}

  react-dom@19.2.4:
    resolution: {integrity: sha512-AXJdLo8kgMbimY95O2aKQqsz2iWi9jMgKJhRBAxECE4IFxfcazB2LmzloIoibJI3C12IlY20+KFaLv+71bUJeQ==}
    peerDependencies:
      react: ^19.2.4

  react@19.2.4:
    resolution: {integrity: sha512-9nfp2hYpCwOjAN+8TZFGhtWEwgvWHXqESH8qT89AT/lWklpLON22Lc8pEtnpsZz7VmawabSU0gCjnj8aC0euHQ==}
    engines: {node: '>=0.10.0'}

  scheduler@0.27.0:
    resolution: {integrity: sha512-eNv+WrVbKu1f3vbYJT/xtiF5syA5HPIMtf9IgY/nKg0sWqzAUEvqY/xm7OcZc/qafLx/iO9FgOmeSAp4v5ti/Q==}

  turbo-darwin-64@2.8.12:
    resolution: {integrity: sha512-EiHJmW2MeQQx+21x8hjMHw/uPhXt9PIxvDrxzOtyVwrXzL0tQmsxtO4qHf2l7uA+K6PUJ4+TjY1MHZDuCvWXrw==}
    cpu: [x64]
    os: [darwin]

  turbo-darwin-arm64@2.8.12:
    resolution: {integrity: sha512-cbqqGN0vd7ly2TeuaM8k9AK9u1CABO4kBA5KPSqovTiLL3sORccn/mZzJSbvQf0EsYRfU34MgW5FotfwW3kx8Q==}
    cpu: [arm64]
    os: [darwin]

  turbo-linux-64@2.8.12:
    resolution: {integrity: sha512-jXKw9j4r4q6s0goSXuKI3aKbQK2qiNeP25lGGEnq018TM6SWRW1CCpPMxyG91aCKrub7wDm/K45sGNT4ZFBcFQ==}
    cpu: [x64]
    os: [linux]

  turbo-linux-arm64@2.8.12:
    resolution: {integrity: sha512-BRJCMdyXjyBoL0GYpvj9d2WNfMHwc3tKmJG5ATn2Efvil9LsiOsd/93/NxDqW0jACtHFNVOPnd/CBwXRPiRbwA==}
    cpu: [arm64]
    os: [linux]

  turbo-windows-64@2.8.12:
    resolution: {integrity: sha512-vyFOlpFFzQFkikvSVhVkESEfzIopgs2J7J1rYvtSwSHQ4zmHxkC95Q8Kjkus8gg+8X2mZyP1GS5jirmaypGiPw==}
    cpu: [x64]
    os: [win32]

  turbo-windows-arm64@2.8.12:
    resolution: {integrity: sha512-9nRnlw5DF0LkJClkIws1evaIF36dmmMEO84J5Uj4oQ8C0QTHwlH7DNe5Kq2Jdmu8GXESCNDNuUYG8Cx6W/vm3g==}
    cpu: [arm64]
    os: [win32]

  turbo@2.8.12:
    resolution: {integrity: sha512-auUAMLmi0eJhxDhQrxzvuhfEbICnVt0CTiYQYY8WyRJ5nwCDZxD0JG8bCSxT4nusI2CwJzmZAay5BfF6LmK7Hw==}
    hasBin: true

  typescript@5.9.3:
    resolution: {integrity: sha512-jl1vZzPDinLr9eUt3J/t7V6FgNEw9QjvBPdysz9KfQDD41fQrC2Y4vKQdiaUpFT4bXlb1RHhLpp8wtm6M5TgSw==}
    engines: {node: '>=14.17'}
    hasBin: true

snapshots:

  '@types/react-dom@19.2.3(@types/react@19.2.14)':
    dependencies:
      '@types/react': 19.2.14

  '@types/react@19.2.14':
    dependencies:
      csstype: 3.2.3

  csstype@3.2.3: {}

  react-dom@19.2.4(react@19.2.4):
    dependencies:
      react: 19.2.4
      scheduler: 0.27.0

  react@19.2.4: {}

  scheduler@0.27.0: {}

  turbo-darwin-64@2.8.12:
    optional: true

  turbo-darwin-arm64@2.8.12:
    optional: true

  turbo-linux-64@2.8.12:
    optional: true

  turbo-linux-arm64@2.8.12:
    optional: true

  turbo-windows-64@2.8.12:
    optional: true

  turbo-windows-arm64@2.8.12:
    optional: true

  turbo@2.8.12:
    optionalDependencies:
      turbo-darwin-64: 2.8.12
      turbo-darwin-arm64: 2.8.12
      turbo-linux-64: 2.8.12
      turbo-linux-arm64: 2.8.12
      turbo-windows-64: 2.8.12
      turbo-windows-arm64: 2.8.12

  typescript@5.9.3: {}
